
Microsoft Visual Studio Solution File, Format Version 12.00
# Visual Studio Version 17
VisualStudioVersion = 17.2.32630.192
MinimumVisualStudioVersion = 10.0.40219.1
Project("{FAE04EC0-301F-11D3-BF4B-00C04F79EFBC}") = "Testing.GithubWorkflows", "Testing.GithubWorkflows\Testing.GithubWorkflows.csproj", "{A276BAE8-0DA7-4F7E-849B-92CB8AE7BD49}"
EndProject
Global
	GlobalSection(SolutionConfigurationPlatforms) = preSolution
		Debug|Any CPU = Debug|Any CPU
		Release|Any CPU = Release|Any CPU
	EndGlobalSection
	GlobalSection(ProjectConfigurationPlatforms) = postSolution
		{A276BAE8-0DA7-4F7E-849B-92CB8AE7BD49}.Debug|Any CPU.ActiveCfg = Debug|Any CPU
		{A276BAE8-0DA7-4F7E-849B-92CB8AE7BD49}.Debug|Any CPU.Build.0 = Debug|Any CPU
		{A276BAE8-0DA7-4F7E-849B-92CB8AE7BD49}.Release|Any CPU.ActiveCfg = Release|Any CPU
		{A276BAE8-0DA7-4F7E-849B-92CB8AE7BD49}.Release|Any CPU.Build.0 = Release|Any CPU
	EndGlobalSection
	GlobalSection(SolutionProperties) = preSolution
		HideSolutionNode = FALSE
	EndGlobalSection
	GlobalSection(ExtensibilityGlobals) = postSolution
		SolutionGuid = {4045D5F0-037A-4D9C-A6DD-F5F9B2381C46}
	EndGlobalSection
EndGlobal
